// !$*UTF8*$!
{
	archiveVersion = 1;
	classes = {
	};
	objectVersion = 56;
	objects = {

/* Begin PBXBuildFile section */
		B410EEFD2A8E877100917195 /* Assets.xcassets in Resources */ = {isa = PBXBuildFile; fileRef = B410EEFC2A8E877100917195 /* Assets.xcassets */; };
		B410EF002A8E877100917195 /* LaunchScreen.storyboard in Resources */ = {isa = PBXBuildFile; fileRef = B410EEFE2A8E877100917195 /* LaunchScreen.storyboard */; };
		B410EF032A8E877100917195 /* main.m in Sources */ = {isa = PBXBuildFile; fileRef = B410EF022A8E877100917195 /* main.m */; };
		B410EF2F2A8E898700917195 /* AppDelegate.m in Sources */ = {isa = PBXBuildFile; fileRef = B410EF292A8E898400917195 /* AppDelegate.m */; };
		B410EF302A8E898700917195 /* SceneDelegate.m in Sources */ = {isa = PBXBuildFile; fileRef = B410EF2A2A8E898500917195 /* SceneDelegate.m */; };
		B410EF312A8E898700917195 /* CLNCoolViewCell.m in Sources */ = {isa = PBXBuildFile; fileRef = B410EF2B2A8E898500917195 /* CLNCoolViewCell.m */; };
		B410EF322A8E898700917195 /* CLNCoolViewController.m in Sources */ = {isa = PBXBuildFile; fileRef = B410EF2C2A8E898600917195 /* CLNCoolViewController.m */; };
		B410EF352A8E899C00917195 /* Main.storyboard in Resources */ = {isa = PBXBuildFile; fileRef = B410EF332A8E899C00917195 /* Main.storyboard */; };
		B410EF372A8E8AB600917195 /* CoolStuff.xib in Resources */ = {isa = PBXBuildFile; fileRef = B410EF362A8E8AB600917195 /* CoolStuff.xib */; };
		B410EF3A2A8EC9E800917195 /* CLNCoolView.m in Sources */ = {isa = PBXBuildFile; fileRef = B410EF392A8EC9E800917195 /* CLNCoolView.m */; };
/* End PBXBuildFile section */

/* Begin PBXFileReference section */
		B410EEED2A8E876F00917195 /* Coolness2.app */ = {isa = PBXFileReference; explicitFileType = wrapper.application; includeInIndex = 0; path = Coolness2.app; sourceTree = BUILT_PRODUCTS_DIR; };
		B410EEFC2A8E877100917195 /* Assets.xcassets */ = {isa = PBXFileReference; lastKnownFileType = folder.assetcatalog; path = Assets.xcassets; sourceTree = "<group>"; };
		B410EEFF2A8E877100917195 /* Base */ = {isa = PBXFileReference; lastKnownFileType = file.storyboard; name = Base; path = Base.lproj/LaunchScreen.storyboard; sourceTree = "<group>"; };
		B410EF012A8E877100917195 /* Info.plist */ = {isa = PBXFileReference; lastKnownFileType = text.plist.xml; path = Info.plist; sourceTree = "<group>"; };
		B410EF022A8E877100917195 /* main.m */ = {isa = PBXFileReference; lastKnownFileType = sourcecode.c.objc; path = main.m; sourceTree = "<group>"; };
		B410EF272A8E898300917195 /* SceneDelegate.h */ = {isa = PBXFileReference; fileEncoding = 4; lastKnownFileType = sourcecode.c.h; path = SceneDelegate.h; sourceTree = "<group>"; };
		B410EF282A8E898400917195 /* CLNCoolViewController.h */ = {isa = PBXFileReference; fileEncoding = 4; lastKnownFileType = sourcecode.c.h; path = CLNCoolViewController.h; sourceTree = "<group>"; };
		B410EF292A8E898400917195 /* AppDelegate.m */ = {isa = PBXFileReference; fileEncoding = 4; lastKnownFileType = sourcecode.c.objc; path = AppDelegate.m; sourceTree = "<group>"; };
		B410EF2A2A8E898500917195 /* SceneDelegate.m */ = {isa = PBXFileReference; fileEncoding = 4; lastKnownFileType = sourcecode.c.objc; path = SceneDelegate.m; sourceTree = "<group>"; };
		B410EF2B2A8E898500917195 /* CLNCoolViewCell.m */ = {isa = PBXFileReference; fileEncoding = 4; lastKnownFileType = sourcecode.c.objc; path = CLNCoolViewCell.m; sourceTree = "<group>"; };
		B410EF2C2A8E898600917195 /* CLNCoolViewController.m */ = {isa = PBXFileReference; fileEncoding = 4; lastKnownFileType = sourcecode.c.objc; path = CLNCoolViewController.m; sourceTree = "<group>"; };
		B410EF2D2A8E898600917195 /* AppDelegate.h */ = {isa = PBXFileReference; fileEncoding = 4; lastKnownFileType = sourcecode.c.h; path = AppDelegate.h; sourceTree = "<group>"; };
		B410EF2E2A8E898700917195 /* CLNCoolViewCell.h */ = {isa = PBXFileReference; fileEncoding = 4; lastKnownFileType = sourcecode.c.h; path = CLNCoolViewCell.h; sourceTree = "<group>"; };
		B410EF342A8E899C00917195 /* Base */ = {isa = PBXFileReference; lastKnownFileType = file.storyboard; name = Base; path = Base.lproj/Main.storyboard; sourceTree = "<group>"; };
		B410EF362A8E8AB600917195 /* CoolStuff.xib */ = {isa = PBXFileReference; lastKnownFileType = file.xib; path = CoolStuff.xib; sourceTree = "<group>"; };
		B410EF382A8EC9E800917195 /* CLNCoolView.h */ = {isa = PBXFileReference; lastKnownFileType = sourcecode.c.h; path = CLNCoolView.h; sourceTree = "<group>"; };
		B410EF392A8EC9E800917195 /* CLNCoolView.m */ = {isa = PBXFileReference; lastKnownFileType = sourcecode.c.objc; path = CLNCoolView.m; sourceTree = "<group>"; };
/* End PBXFileReference section */

/* Begin PBXFrameworksBuildPhase section */
		B410EEEA2A8E876F00917195 /* Frameworks */ = {
			isa = PBXFrameworksBuildPhase;
			buildActionMask = 2147483647;
			files = (
			);
			runOnlyForDeploymentPostprocessing = 0;
		};
/* End PBXFrameworksBuildPhase section */

/* Begin PBXGroup section */
		B410EEE42A8E876F00917195 = {
			isa = PBXGroup;
			children = (
				B410EEEF2A8E876F00917195 /* Coolness2 */,
				B410EEEE2A8E876F00917195 /* Products */,
			);
			sourceTree = "<group>";
		};
		B410EEEE2A8E876F00917195 /* Products */ = {
			isa = PBXGroup;
			children = (
				B410EEED2A8E876F00917195 /* Coolness2.app */,
			);
			name = Products;
			sourceTree = "<group>";
		};
		B410EEEF2A8E876F00917195 /* Coolness2 */ = {
			isa = PBXGroup;
			children = (
				B410EF2D2A8E898600917195 /* AppDelegate.h */,
				B410EF292A8E898400917195 /* AppDelegate.m */,
				B410EF272A8E898300917195 /* SceneDelegate.h */,
				B410EF2A2A8E898500917195 /* SceneDelegate.m */,
				B410EF362A8E8AB600917195 /* CoolStuff.xib */,
				B410EF282A8E898400917195 /* CLNCoolViewController.h */,
				B410EF2C2A8E898600917195 /* CLNCoolViewController.m */,
				B410EF382A8EC9E800917195 /* CLNCoolView.h */,
				B410EF392A8EC9E800917195 /* CLNCoolView.m */,
				B410EF2E2A8E898700917195 /* CLNCoolViewCell.h */,
				B410EF2B2A8E898500917195 /* CLNCoolViewCell.m */,
				B410EEFC2A8E877100917195 /* Assets.xcassets */,
				B410EF332A8E899C00917195 /* Main.storyboard */,
				B410EEFE2A8E877100917195 /* LaunchScreen.storyboard */,
				B410EF012A8E877100917195 /* Info.plist */,
				B410EF022A8E877100917195 /* main.m */,
			);
			path = Coolness2;
			sourceTree = "<group>";
		};
/* End PBXGroup section */

/* Begin PBXNativeTarget section */
		B410EEEC2A8E876F00917195 /* Coolness2 */ = {
			isa = PBXNativeTarget;
			buildConfigurationList = B410EF062A8E877100917195 /* Build configuration list for PBXNativeTarget "Coolness2" */;
			buildPhases = (
				B410EEE92A8E876F00917195 /* Sources */,
				B410EEEA2A8E876F00917195 /* Frameworks */,
				B410EEEB2A8E876F00917195 /* Resources */,
			);
			buildRules = (
			);
			dependencies = (
			);
			name = Coolness2;
			productName = Coolness2;
			productReference = B410EEED2A8E876F00917195 /* Coolness2.app */;
			productType = "com.apple.product-type.application";
		};
/* End PBXNativeTarget section */

/* Begin PBXProject section */
		B410EEE52A8E876F00917195 /* Project object */ = {
			isa = PBXProject;
			attributes = {
				BuildIndependentTargetsInParallel = 1;
				LastUpgradeCheck = 1430;
				TargetAttributes = {
					B410EEEC2A8E876F00917195 = {
						CreatedOnToolsVersion = 14.3.1;
					};
				};
			};
			buildConfigurationList = B410EEE82A8E876F00917195 /* Build configuration list for PBXProject "Coolness2" */;
			compatibilityVersion = "Xcode 14.0";
			developmentRegion = en;
			hasScannedForEncodings = 0;
			knownRegions = (
				en,
				Base,
			);
			mainGroup = B410EEE42A8E876F00917195;
			productRefGroup = B410EEEE2A8E876F00917195 /* Products */;
			projectDirPath = "";
			projectRoot = "";
			targets = (
				B410EEEC2A8E876F00917195 /* Coolness2 */,
			);
		};
/* End PBXProject section */

/* Begin PBXResourcesBuildPhase section */
		B410EEEB2A8E876F00917195 /* Resources */ = {
			isa = PBXResourcesBuildPhase;
			buildActionMask = 2147483647;
			files = (
				B410EF352A8E899C00917195 /* Main.storyboard in Resources */,
				B410EF002A8E877100917195 /* LaunchScreen.storyboard in Resources */,
				B410EEFD2A8E877100917195 /* Assets.xcassets in Resources */,
				B410EF372A8E8AB600917195 /* CoolStuff.xib in Resources */,
			);
			runOnlyForDeploymentPostprocessing = 0;
		};
/* End PBXResourcesBuildPhase section */

/* Begin PBXSourcesBuildPhase section */
		B410EEE92A8E876F00917195 /* Sources */ = {
			isa = PBXSourcesBuildPhase;
			buildActionMask = 2147483647;
			files = (
				B410EF2F2A8E898700917195 /* AppDelegate.m in Sources */,
				B410EF322A8E898700917195 /* CLNCoolViewController.m in Sources */,
				B410EF312A8E898700917195 /* CLNCoolViewCell.m in Sources */,
				B410EF302A8E898700917195 /* SceneDelegate.m in Sources */,
				B410EF032A8E877100917195 /* main.m in Sources */,
				B410EF3A2A8EC9E800917195 /* CLNCoolView.m in Sources */,
			);
			runOnlyForDeploymentPostprocessing = 0;
		};
/* End PBXSourcesBuildPhase section */

/* Begin PBXVariantGroup section */
		B410EEFE2A8E877100917195 /* LaunchScreen.storyboard */ = {
			isa = PBXVariantGroup;
			children = (
				B410EEFF2A8E877100917195 /* Base */,
			);
			name = LaunchScreen.storyboard;
			sourceTree = "<group>";
		};
		B410EF332A8E899C00917195 /* Main.storyboard */ = {
			isa = PBXVariantGroup;
			children = (
				B410EF342A8E899C00917195 /* Base */,
			);
			name = Main.storyboard;
			sourceTree = "<group>";
		};
/* End PBXVariantGroup section */

/* Begin XCBuildConfiguration section */
		B410EF042A8E877100917195 /* Debug */ = {
			isa = XCBuildConfiguration;
			buildSettings = {
				ALWAYS_SEARCH_USER_PATHS = NO;
				CLANG_ANALYZER_NONNULL = YES;
				CLANG_ANALYZER_NUMBER_OBJECT_CONVERSION = YES_AGGRESSIVE;
				CLANG_CXX_LANGUAGE_STANDARD = "gnu++20";
				CLANG_ENABLE_MODULES = YES;
				CLANG_ENABLE_OBJC_ARC = YES;
				CLANG_ENABLE_OBJC_WEAK = YES;
				CLANG_WARN_BLOCK_CAPTURE_AUTORELEASING = YES;
				CLANG_WARN_BOOL_CONVERSION = YES;
				CLANG_WARN_COMMA = YES;
				CLANG_WARN_CONSTANT_CONVERSION = YES;
				CLANG_WARN_DEPRECATED_OBJC_IMPLEMENTATIONS = YES;
				CLANG_WARN_DIRECT_OBJC_ISA_USAGE = YES_ERROR;
				CLANG_WARN_DOCUMENTATION_COMMENTS = YES;
				CLANG_WARN_EMPTY_BODY = YES;
				CLANG_WARN_ENUM_CONVERSION = YES;
				CLANG_WARN_INFINITE_RECURSION = YES;
				CLANG_WARN_INT_CONVERSION = YES;
				CLANG_WARN_NON_LITERAL_NULL_CONVERSION = YES;
				CLANG_WARN_OBJC_IMPLICIT_RETAIN_SELF = YES;
				CLANG_WARN_OBJC_LITERAL_CONVERSION = YES;
				CLANG_WARN_OBJC_ROOT_CLASS = YES_ERROR;
				CLANG_WARN_QUOTED_INCLUDE_IN_FRAMEWORK_HEADER = YES;
				CLANG_WARN_RANGE_LOOP_ANALYSIS = YES;
				CLANG_WARN_STRICT_PROTOTYPES = YES;
				CLANG_WARN_SUSPICIOUS_MOVE = YES;
				CLANG_WARN_UNGUARDED_AVAILABILITY = YES_AGGRESSIVE;
				CLANG_WARN_UNREACHABLE_CODE = YES;
				CLANG_WARN__DUPLICATE_METHOD_MATCH = YES;
				COPY_PHASE_STRIP = NO;
				DEBUG_INFORMATION_FORMAT = dwarf;
				ENABLE_STRICT_OBJC_MSGSEND = YES;
				ENABLE_TESTABILITY = YES;
				GCC_C_LANGUAGE_STANDARD = gnu11;
				GCC_DYNAMIC_NO_PIC = NO;
				GCC_NO_COMMON_BLOCKS = YES;
				GCC_OPTIMIZATION_LEVEL = 0;
				GCC_PREPROCESSOR_DEFINITIONS = (
					"DEBUG=1",
					"$(inherited)",
				);
				GCC_WARN_64_TO_32_BIT_CONVERSION = YES;
				GCC_WARN_ABOUT_RETURN_TYPE = YES_ERROR;
				GCC_WARN_UNDECLARED_SELECTOR = YES;
				GCC_WARN_UNINITIALIZED_AUTOS = YES_AGGRESSIVE;
				GCC_WARN_UNUSED_FUNCTION = YES;
				GCC_WARN_UNUSED_VARIABLE = YES;
				IPHONEOS_DEPLOYMENT_TARGET = 16.4;
				MTL_ENABLE_DEBUG_INFO = INCLUDE_SOURCE;
				MTL_FAST_MATH = YES;
				ONLY_ACTIVE_ARCH = YES;
				SDKROOT = iphoneos;
			};
			name = Debug;
		};
		B410EF052A8E877100917195 /* Release */ = {
			isa = XCBuildConfiguration;
			buildSettings = {
				ALWAYS_SEARCH_USER_PATHS = NO;
				CLANG_ANALYZER_NONNULL = YES;
				CLANG_ANALYZER_NUMBER_OBJECT_CONVERSION = YES_AGGRESSIVE;
				CLANG_CXX_LANGUAGE_STANDARD = "gnu++20";
				CLANG_ENABLE_MODULES = YES;
				CLANG_ENABLE_OBJC_ARC = YES;
				CLANG_ENABLE_OBJC_WEAK = YES;
				CLANG_WARN_BLOCK_CAPTURE_AUTORELEASING = YES;
				CLANG_WARN_BOOL_CONVERSION = YES;
				CLANG_WARN_COMMA = YES;
				CLANG_WARN_CONSTANT_CONVERSION = YES;
				CLANG_WARN_DEPRECATED_OBJC_IMPLEMENTATIONS = YES;
				CLANG_WARN_DIRECT_OBJC_ISA_USAGE = YES_ERROR;
				CLANG_WARN_DOCUMENTATION_COMMENTS = YES;
				CLANG_WARN_EMPTY_BODY = YES;
				CLANG_WARN_ENUM_CONVERSION = YES;
				CLANG_WARN_INFINITE_RECURSION = YES;
				CLANG_WARN_INT_CONVERSION = YES;
				CLANG_WARN_NON_LITERAL_NULL_CONVERSION = YES;
				CLANG_WARN_OBJC_IMPLICIT_RETAIN_SELF = YES;
				CLANG_WARN_OBJC_LITERAL_CONVERSION = YES;
				CLANG_WARN_OBJC_ROOT_CLASS = YES_ERROR;
				CLANG_WARN_QUOTED_INCLUDE_IN_FRAMEWORK_HEADER = YES;
				CLANG_WARN_RANGE_LOOP_ANALYSIS = YES;
				CLANG_WARN_STRICT_PROTOTYPES = YES;
				CLANG_WARN_SUSPICIOUS_MOVE = YES;
				CLANG_WARN_UNGUARDED_AVAILABILITY = YES_AGGRESSIVE;
				CLANG_WARN_UNREACHABLE_CODE = YES;
				CLANG_WARN__DUPLICATE_METHOD_MATCH = YES;
				COPY_PHASE_STRIP = NO;
				DEBUG_INFORMATION_FORMAT = "dwarf-with-dsym";
				ENABLE_NS_ASSERTIONS = NO;
				ENABLE_STRICT_OBJC_MSGSEND = YES;
				GCC_C_LANGUAGE_STANDARD = gnu11;
				GCC_NO_COMMON_BLOCKS = YES;
				GCC_WARN_64_TO_32_BIT_CONVERSION = YES;
				GCC_WARN_ABOUT_RETURN_TYPE = YES_ERROR;
				GCC_WARN_UNDECLARED_SELECTOR = YES;
				GCC_WARN_UNINITIALIZED_AUTOS = YES_AGGRESSIVE;
				GCC_WARN_UNUSED_FUNCTION = YES;
				GCC_WARN_UNUSED_VARIABLE = YES;
				IPHONEOS_DEPLOYMENT_TARGET = 16.4;
				MTL_ENABLE_DEBUG_INFO = NO;
				MTL_FAST_MATH = YES;
				SDKROOT = iphoneos;
				VALIDATE_PRODUCT = YES;
			};
			name = Release;
		};
		B410EF072A8E877100917195 /* Debug */ = {
			isa = XCBuildConfiguration;
			buildSettings = {
				ASSETCATALOG_COMPILER_APPICON_NAME = AppIcon;
				ASSETCATALOG_COMPILER_GLOBAL_ACCENT_COLOR_NAME = AccentColor;
				CODE_SIGN_STYLE = Automatic;
				CURRENT_PROJECT_VERSION = 1;
				GENERATE_INFOPLIST_FILE = YES;
				INFOPLIST_FILE = Coolness2/Info.plist;
				INFOPLIST_KEY_UIApplicationSupportsIndirectInputEvents = YES;
				INFOPLIST_KEY_UILaunchStoryboardName = LaunchScreen;
				INFOPLIST_KEY_UIMainStoryboardFile = Main;
				INFOPLIST_KEY_UISupportedInterfaceOrientations_iPad = "UIInterfaceOrientationPortrait UIInterfaceOrientationPortraitUpsideDown UIInterfaceOrientationLandscapeLeft UIInterfaceOrientationLandscapeRight";
				INFOPLIST_KEY_UISupportedInterfaceOrientations_iPhone = "UIInterfaceOrientationPortrait UIInterfaceOrientationLandscapeLeft UIInterfaceOrientationLandscapeRight";
				LD_RUNPATH_SEARCH_PATHS = (
					"$(inherited)",
					"@executable_path/Frameworks",
				);
				MARKETING_VERSION = 1.0;
				PRODUCT_BUNDLE_IDENTIFIER = com.aboutobjects.training.Coolness2;
				PRODUCT_NAME = "$(TARGET_NAME)";
				SWIFT_EMIT_LOC_STRINGS = YES;
				TARGETED_DEVICE_FAMILY = "1,2";
			};
			name = Debug;
		};
		B410EF082A8E877100917195 /* Release */ = {
			isa = XCBuildConfiguration;
			buildSettings = {
				ASSETCATALOG_COMPILER_APPICON_NAME = AppIcon;
				ASSETCATALOG_COMPILER_GLOBAL_ACCENT_COLOR_NAME = AccentColor;
				CODE_SIGN_STYLE = Automatic;
				CURRENT_PROJECT_VERSION = 1;
				GENERATE_INFOPLIST_FILE = YES;
				INFOPLIST_FILE = Coolness2/Info.plist;
				INFOPLIST_KEY_UIApplicationSupportsIndirectInputEvents = YES;
				INFOPLIST_KEY_UILaunchStoryboardName = LaunchScreen;
				INFOPLIST_KEY_UIMainStoryboardFile = Main;
				INFOPLIST_KEY_UISupportedInterfaceOrientations_iPad = "UIInterfaceOrientationPortrait UIInterfaceOrientationPortraitUpsideDown UIInterfaceOrientationLandscapeLeft UIInterfaceOrientationLandscapeRight";
				INFOPLIST_KEY_UISupportedInterfaceOrientations_iPhone = "UIInterfaceOrientationPortrait UIInterfaceOrientationLandscapeLeft UIInterfaceOrientationLandscapeRight";
				LD_RUNPATH_SEARCH_PATHS = (
					"$(inherited)",
					"@executable_path/Frameworks",
				);
				MARKETING_VERSION = 1.0;
				PRODUCT_BUNDLE_IDENTIFIER = com.aboutobjects.training.Coolness2;
				PRODUCT_NAME = "$(TARGET_NAME)";
				SWIFT_EMIT_LOC_STRINGS = YES;
				TARGETED_DEVICE_FAMILY = "1,2";
			};
			name = Release;
		};
/* End XCBuildConfiguration section */

/* Begin XCConfigurationList section */
		B410EEE82A8E876F00917195 /* Build configuration list for PBXProject "Coolness2" */ = {
			isa = XCConfigurationList;
			buildConfigurations = (
				B410EF042A8E877100917195 /* Debug */,
				B410EF052A8E877100917195 /* Release */,
			);
			defaultConfigurationIsVisible = 0;
			defaultConfigurationName = Release;
		};
		B410EF062A8E877100917195 /* Build configuration list for PBXNativeTarget "Coolness2" */ = {
			isa = XCConfigurationList;
			buildConfigurations = (
				B410EF072A8E877100917195 /* Debug */,
				B410EF082A8E877100917195 /* Release */,
			);
			defaultConfigurationIsVisible = 0;
			defaultConfigurationName = Release;
		};
/* End XCConfigurationList section */
	};
	rootObject = B410EEE52A8E876F00917195 /* Project object */;
}
